// !$*UTF8*$!
{
	archiveVersion = 1;
	classes = {
	};
	objectVersion = 77;
	objects = {

/* Begin PBXContainerItemProxy section */
		5C2E18522E6FC730004565C2 /* PBXContainerItemProxy */ = {
			isa = PBXContainerItemProxy;
			containerPortal = 5C2E18392E6FC72F004565C2 /* Project object */;
			proxyType = 1;
			remoteGlobalIDString = 5C2E18402E6FC72F004565C2;
			remoteInfo = EGH_frontend;
		};
		5C2E185C2E6FC730004565C2 /* PBXContainerItemProxy */ = {
			isa = PBXContainerItemProxy;
			containerPortal = 5C2E18392E6FC72F004565C2 /* Project object */;
			proxyType = 1;
			remoteGlobalIDString = 5C2E18402E6FC72F004565C2;
			remoteInfo = EGH_frontend;
		};
/* End PBXContainerItemProxy section */

/* Begin PBXFileReference section */
		5C2E18412E6FC72F004565C2 /* EGH_frontend.app */ = {isa = PBXFileReference; explicitFileType = wrapper.application; includeInIndex = 0; path = EGH_frontend.app; sourceTree = BUILT_PRODUCTS_DIR; };
		5C2E18512E6FC730004565C2 /* EGH_frontendTests.xctest */ = {isa = PBXFileReference; explicitFileType = wrapper.cfbundle; includeInIndex = 0; path = EGH_frontendTests.xctest; sourceTree = BUILT_PRODUCTS_DIR; };
		5C2E185B2E6FC730004565C2 /* EGH_frontendUITests.xctest */ = {isa = PBXFileReference; explicitFileType = wrapper.cfbundle; includeInIndex = 0; path = EGH_frontendUITests.xctest; sourceTree = BUILT_PRODUCTS_DIR; };
/* End PBXFileReference section */

/* Begin PBXFileSystemSynchronizedRootGroup section */
		5C2E18432E6FC72F004565C2 /* EGH_frontend */ = {
			isa = PBXFileSystemSynchronizedRootGroup;
			path = EGH_frontend;
			sourceTree = "<group>";
		};
		5C2E18542E6FC730004565C2 /* EGH_frontendTests */ = {
			isa = PBXFileSystemSynchronizedRootGroup;
			path = EGH_frontendTests;
			sourceTree = "<group>";
		};
		5C2E185E2E6FC730004565C2 /* EGH_frontendUITests */ = {
			isa = PBXFileSystemSynchronizedRootGroup;
			path = EGH_frontendUITests;
			sourceTree = "<group>";
		};
/* End PBXFileSystemSynchronizedRootGroup section */

/* Begin PBXFrameworksBuildPhase section */
		5C2E183E2E6FC72F004565C2 /* Frameworks */ = {
			isa = PBXFrameworksBuildPhase;
			buildActionMask = 2147483647;
			files = (
			);
			runOnlyForDeploymentPostprocessing = 0;
		};
		5C2E184E2E6FC730004565C2 /* Frameworks */ = {
			isa = PBXFrameworksBuildPhase;
			buildActionMask = 2147483647;
			files = (
			);
			runOnlyForDeploymentPostprocessing = 0;
		};
		5C2E18582E6FC730004565C2 /* Frameworks */ = {
			isa = PBXFrameworksBuildPhase;
			buildActionMask = 2147483647;
			files = (
			);
			runOnlyForDeploymentPostprocessing = 0;
		};
/* End PBXFrameworksBuildPhase section */

/* Begin PBXGroup section */
		5C2E18382E6FC72F004565C2 = {
			isa = PBXGroup;
			children = (
				5C2E18432E6FC72F004565C2 /* EGH_frontend */,
				5C2E18542E6FC730004565C2 /* EGH_frontendTests */,
				5C2E185E2E6FC730004565C2 /* EGH_frontendUITests */,
				5C2E18422E6FC72F004565C2 /* Products */,
			);
			sourceTree = "<group>";
		};
		5C2E18422E6FC72F004565C2 /* Products */ = {
			isa = PBXGroup;
			children = (
				5C2E18412E6FC72F004565C2 /* EGH_frontend.app */,
				5C2E18512E6FC730004565C2 /* EGH_frontendTests.xctest */,
				5C2E185B2E6FC730004565C2 /* EGH_frontendUITests.xctest */,
			);
			name = Products;
			sourceTree = "<group>";
		};
/* End PBXGroup section */

/* Begin PBXNativeTarget section */
		5C2E18402E6FC72F004565C2 /* EGH_frontend */ = {
			isa = PBXNativeTarget;
			buildConfigurationList = 5C2E18652E6FC730004565C2 /* Build configuration list for PBXNativeTarget "EGH_frontend" */;
			buildPhases = (
				5C2E183D2E6FC72F004565C2 /* Sources */,
				5C2E183E2E6FC72F004565C2 /* Frameworks */,
				5C2E183F2E6FC72F004565C2 /* Resources */,
			);
			buildRules = (
			);
			dependencies = (
			);
			fileSystemSynchronizedGroups = (
				5C2E18432E6FC72F004565C2 /* EGH_frontend */,
			);
			name = EGH_frontend;
			packageProductDependencies = (
			);
			productName = EGH_frontend;
			productReference = 5C2E18412E6FC72F004565C2 /* EGH_frontend.app */;
			productType = "com.apple.product-type.application";
		};
		5C2E18502E6FC730004565C2 /* EGH_frontendTests */ = {
			isa = PBXNativeTarget;
			buildConfigurationList = 5C2E18682E6FC730004565C2 /* Build configuration list for PBXNativeTarget "EGH_frontendTests" */;
			buildPhases = (
				5C2E184D2E6FC730004565C2 /* Sources */,
				5C2E184E2E6FC730004565C2 /* Frameworks */,
				5C2E184F2E6FC730004565C2 /* Resources */,
			);
			buildRules = (
			);
			dependencies = (
				5C2E18532E6FC730004565C2 /* PBXTargetDependency */,
			);
			fileSystemSynchronizedGroups = (
				5C2E18542E6FC730004565C2 /* EGH_frontendTests */,
			);
			name = EGH_frontendTests;
			packageProductDependencies = (
			);
			productName = EGH_frontendTests;
			productReference = 5C2E18512E6FC730004565C2 /* EGH_frontendTests.xctest */;
			productType = "com.apple.product-type.bundle.unit-test";
		};
		5C2E185A2E6FC730004565C2 /* EGH_frontendUITests */ = {
			isa = PBXNativeTarget;
			buildConfigurationList = 5C2E186B2E6FC730004565C2 /* Build configuration list for PBXNativeTarget "EGH_frontendUITests" */;
			buildPhases = (
				5C2E18572E6FC730004565C2 /* Sources */,
				5C2E18582E6FC730004565C2 /* Frameworks */,
				5C2E18592E6FC730004565C2 /* Resources */,
			);
			buildRules = (
			);
			dependencies = (
				5C2E185D2E6FC730004565C2 /* PBXTargetDependency */,
			);
			fileSystemSynchronizedGroups = (
				5C2E185E2E6FC730004565C2 /* EGH_frontendUITests */,
			);
			name = EGH_frontendUITests;
			packageProductDependencies = (
			);
			productName = EGH_frontendUITests;
			productReference = 5C2E185B2E6FC730004565C2 /* EGH_frontendUITests.xctest */;
			productType = "com.apple.product-type.bundle.ui-testing";
		};
/* End PBXNativeTarget section */

/* Begin PBXProject section */
		5C2E18392E6FC72F004565C2 /* Project object */ = {
			isa = PBXProject;
			attributes = {
				BuildIndependentTargetsInParallel = 1;
				LastSwiftUpdateCheck = 1610;
				LastUpgradeCheck = 1610;
				TargetAttributes = {
					5C2E18402E6FC72F004565C2 = {
						CreatedOnToolsVersion = 16.1;
					};
					5C2E18502E6FC730004565C2 = {
						CreatedOnToolsVersion = 16.1;
						TestTargetID = 5C2E18402E6FC72F004565C2;
					};
					5C2E185A2E6FC730004565C2 = {
						CreatedOnToolsVersion = 16.1;
						TestTargetID = 5C2E18402E6FC72F004565C2;
					};
				};
			};
			buildConfigurationList = 5C2E183C2E6FC72F004565C2 /* Build configuration list for PBXProject "EGH_frontend" */;
			developmentRegion = en;
			hasScannedForEncodings = 0;
			knownRegions = (
				en,
				Base,
			);
			mainGroup = 5C2E18382E6FC72F004565C2;
			minimizedProjectReferenceProxies = 1;
			preferredProjectObjectVersion = 77;
			productRefGroup = 5C2E18422E6FC72F004565C2 /* Products */;
			projectDirPath = "";
			projectRoot = "";
			targets = (
				5C2E18402E6FC72F004565C2 /* EGH_frontend */,
				5C2E18502E6FC730004565C2 /* EGH_frontendTests */,
				5C2E185A2E6FC730004565C2 /* EGH_frontendUITests */,
			);
		};
/* End PBXProject section */

/* Begin PBXResourcesBuildPhase section */
		5C2E183F2E6FC72F004565C2 /* Resources */ = {
			isa = PBXResourcesBuildPhase;
			buildActionMask = 2147483647;
			files = (
			);
			runOnlyForDeploymentPostprocessing = 0;
		};
		5C2E184F2E6FC730004565C2 /* Resources */ = {
			isa = PBXResourcesBuildPhase;
			buildActionMask = 2147483647;
			files = (
			);
			runOnlyForDeploymentPostprocessing = 0;
		};
		5C2E18592E6FC730004565C2 /* Resources */ = {
			isa = PBXResourcesBuildPhase;
			buildActionMask = 2147483647;
			files = (
			);
			runOnlyForDeploymentPostprocessing = 0;
		};
/* End PBXResourcesBuildPhase section */

/* Begin PBXSourcesBuildPhase section */
		5C2E183D2E6FC72F004565C2 /* Sources */ = {
			isa = PBXSourcesBuildPhase;
			buildActionMask = 2147483647;
			files = (
			);
			runOnlyForDeploymentPostprocessing = 0;
		};
		5C2E184D2E6FC730004565C2 /* Sources */ = {
			isa = PBXSourcesBuildPhase;
			buildActionMask = 2147483647;
			files = (
			);
			runOnlyForDeploymentPostprocessing = 0;
		};
		5C2E18572E6FC730004565C2 /* Sources */ = {
			isa = PBXSourcesBuildPhase;
			buildActionMask = 2147483647;
			files = (
			);
			runOnlyForDeploymentPostprocessing = 0;
		};
/* End PBXSourcesBuildPhase section */

/* Begin PBXTargetDependency section */
		5C2E18532E6FC730004565C2 /* PBXTargetDependency */ = {
			isa = PBXTargetDependency;
			target = 5C2E18402E6FC72F004565C2 /* EGH_frontend */;
			targetProxy = 5C2E18522E6FC730004565C2 /* PBXContainerItemProxy */;
		};
		5C2E185D2E6FC730004565C2 /* PBXTargetDependency */ = {
			isa = PBXTargetDependency;
			target = 5C2E18402E6FC72F004565C2 /* EGH_frontend */;
			targetProxy = 5C2E185C2E6FC730004565C2 /* PBXContainerItemProxy */;
		};
/* End PBXTargetDependency section */

/* Begin XCBuildConfiguration section */
		5C2E18632E6FC730004565C2 /* Debug */ = {
			isa = XCBuildConfiguration;
			buildSettings = {
				ALWAYS_SEARCH_USER_PATHS = NO;
				ASSETCATALOG_COMPILER_GENERATE_SWIFT_ASSET_SYMBOL_EXTENSIONS = YES;
				CLANG_ANALYZER_NONNULL = YES;
				CLANG_ANALYZER_NUMBER_OBJECT_CONVERSION = YES_AGGRESSIVE;
				CLANG_CXX_LANGUAGE_STANDARD = "gnu++20";
				CLANG_ENABLE_MODULES = YES;
				CLANG_ENABLE_OBJC_ARC = YES;
				CLANG_ENABLE_OBJC_WEAK = YES;
				CLANG_WARN_BLOCK_CAPTURE_AUTORELEASING = YES;
				CLANG_WARN_BOOL_CONVERSION = YES;
				CLANG_WARN_COMMA = YES;
				CLANG_WARN_CONSTANT_CONVERSION = YES;
				CLANG_WARN_DEPRECATED_OBJC_IMPLEMENTATIONS = YES;
				CLANG_WARN_DIRECT_OBJC_ISA_USAGE = YES_ERROR;
				CLANG_WARN_DOCUMENTATION_COMMENTS = YES;
				CLANG_WARN_EMPTY_BODY = YES;
				CLANG_WARN_ENUM_CONVERSION = YES;
				CLANG_WARN_INFINITE_RECURSION = YES;
				CLANG_WARN_INT_CONVERSION = YES;
				CLANG_WARN_NON_LITERAL_NULL_CONVERSION = YES;
				CLANG_WARN_OBJC_IMPLICIT_RETAIN_SELF = YES;
				CLANG_WARN_OBJC_LITERAL_CONVERSION = YES;
				CLANG_WARN_OBJC_ROOT_CLASS = YES_ERROR;
				CLANG_WARN_QUOTED_INCLUDE_IN_FRAMEWORK_HEADER = YES;
				CLANG_WARN_RANGE_LOOP_ANALYSIS = YES;
				CLANG_WARN_STRICT_PROTOTYPES = YES;
				CLANG_WARN_SUSPICIOUS_MOVE = YES;
				CLANG_WARN_UNGUARDED_AVAILABILITY = YES_AGGRESSIVE;
				CLANG_WARN_UNREACHABLE_CODE = YES;
				CLANG_WARN__DUPLICATE_METHOD_MATCH = YES;
				COPY_PHASE_STRIP = NO;
				DEBUG_INFORMATION_FORMAT = dwarf;
				ENABLE_STRICT_OBJC_MSGSEND = YES;
				ENABLE_TESTABILITY = YES;
				ENABLE_USER_SCRIPT_SANDBOXING = YES;
				GCC_C_LANGUAGE_STANDARD = gnu17;
				GCC_DYNAMIC_NO_PIC = NO;
				GCC_NO_COMMON_BLOCKS = YES;
				GCC_OPTIMIZATION_LEVEL = 0;
				GCC_PREPROCESSOR_DEFINITIONS = (
					"DEBUG=1",
					"$(inherited)",
				);
				GCC_WARN_64_TO_32_BIT_CONVERSION = YES;
				GCC_WARN_ABOUT_RETURN_TYPE = YES_ERROR;
				GCC_WARN_UNDECLARED_SELECTOR = YES;
				GCC_WARN_UNINITIALIZED_AUTOS = YES_AGGRESSIVE;
				GCC_WARN_UNUSED_FUNCTION = YES;
				GCC_WARN_UNUSED_VARIABLE = YES;
				IPHONEOS_DEPLOYMENT_TARGET = 18.1;
				LOCALIZATION_PREFERS_STRING_CATALOGS = YES;
				MTL_ENABLE_DEBUG_INFO = INCLUDE_SOURCE;
				MTL_FAST_MATH = YES;
				ONLY_ACTIVE_ARCH = YES;
				SDKROOT = iphoneos;
				SWIFT_ACTIVE_COMPILATION_CONDITIONS = "DEBUG $(inherited)";
				SWIFT_OPTIMIZATION_LEVEL = "-Onone";
			};
			name = Debug;
		};
		5C2E18642E6FC730004565C2 /* Release */ = {
			isa = XCBuildConfiguration;
			buildSettings = {
				ALWAYS_SEARCH_USER_PATHS = NO;
				ASSETCATALOG_COMPILER_GENERATE_SWIFT_ASSET_SYMBOL_EXTENSIONS = YES;
				CLANG_ANALYZER_NONNULL = YES;
				CLANG_ANALYZER_NUMBER_OBJECT_CONVERSION = YES_AGGRESSIVE;
				CLANG_CXX_LANGUAGE_STANDARD = "gnu++20";
				CLANG_ENABLE_MODULES = YES;
				CLANG_ENABLE_OBJC_ARC = YES;
				CLANG_ENABLE_OBJC_WEAK = YES;
				CLANG_WARN_BLOCK_CAPTURE_AUTORELEASING = YES;
				CLANG_WARN_BOOL_CONVERSION = YES;
				CLANG_WARN_COMMA = YES;
				CLANG_WARN_CONSTANT_CONVERSION = YES;
				CLANG_WARN_DEPRECATED_OBJC_IMPLEMENTATIONS = YES;
				CLANG_WARN_DIRECT_OBJC_ISA_USAGE = YES_ERROR;
				CLANG_WARN_DOCUMENTATION_COMMENTS = YES;
				CLANG_WARN_EMPTY_BODY = YES;
				CLANG_WARN_ENUM_CONVERSION = YES;
				CLANG_WARN_INFINITE_RECURSION = YES;
				CLANG_WARN_INT_CONVERSION = YES;
				CLANG_WARN_NON_LITERAL_NULL_CONVERSION = YES;
				CLANG_WARN_OBJC_IMPLICIT_RETAIN_SELF = YES;
				CLANG_WARN_OBJC_LITERAL_CONVERSION = YES;
				CLANG_WARN_OBJC_ROOT_CLASS = YES_ERROR;
				CLANG_WARN_QUOTED_INCLUDE_IN_FRAMEWORK_HEADER = YES;
				CLANG_WARN_RANGE_LOOP_ANALYSIS = YES;
				CLANG_WARN_STRICT_PROTOTYPES = YES;
				CLANG_WARN_SUSPICIOUS_MOVE = YES;
				CLANG_WARN_UNGUARDED_AVAILABILITY = YES_AGGRESSIVE;
				CLANG_WARN_UNREACHABLE_CODE = YES;
				CLANG_WARN__DUPLICATE_METHOD_MATCH = YES;
				COPY_PHASE_STRIP = NO;
				DEBUG_INFORMATION_FORMAT = "dwarf-with-dsym";
				ENABLE_NS_ASSERTIONS = NO;
				ENABLE_STRICT_OBJC_MSGSEND = YES;
				ENABLE_USER_SCRIPT_SANDBOXING = YES;
				GCC_C_LANGUAGE_STANDARD = gnu17;
				GCC_NO_COMMON_BLOCKS = YES;
				GCC_WARN_64_TO_32_BIT_CONVERSION = YES;
				GCC_WARN_ABOUT_RETURN_TYPE = YES_ERROR;
				GCC_WARN_UNDECLARED_SELECTOR = YES;
				GCC_WARN_UNINITIALIZED_AUTOS = YES_AGGRESSIVE;
				GCC_WARN_UNUSED_FUNCTION = YES;
				GCC_WARN_UNUSED_VARIABLE = YES;
				IPHONEOS_DEPLOYMENT_TARGET = 18.1;
				LOCALIZATION_PREFERS_STRING_CATALOGS = YES;
				MTL_ENABLE_DEBUG_INFO = NO;
				MTL_FAST_MATH = YES;
				SDKROOT = iphoneos;
				SWIFT_COMPILATION_MODE = wholemodule;
				VALIDATE_PRODUCT = YES;
			};
			name = Release;
		};
		5C2E18662E6FC730004565C2 /* Debug */ = {
			isa = XCBuildConfiguration;
			buildSettings = {
				ASSETCATALOG_COMPILER_APPICON_NAME = AppIcon;
				ASSETCATALOG_COMPILER_GLOBAL_ACCENT_COLOR_NAME = AccentColor;
				CODE_SIGN_STYLE = Automatic;
				CURRENT_PROJECT_VERSION = 1;
				DEVELOPMENT_ASSET_PATHS = "\"EGH_frontend/Preview Content\"";
				DEVELOPMENT_TEAM = 3L786BDYHK;
				ENABLE_PREVIEWS = YES;
				GENERATE_INFOPLIST_FILE = YES;
				INFOPLIST_KEY_UIApplicationSceneManifest_Generation = YES;
				INFOPLIST_KEY_UIApplicationSupportsIndirectInputEvents = YES;
				INFOPLIST_KEY_UILaunchScreen_Generation = YES;
				INFOPLIST_KEY_UISupportedInterfaceOrientations_iPad = "UIInterfaceOrientationPortrait UIInterfaceOrientationPortraitUpsideDown UIInterfaceOrientationLandscapeLeft UIInterfaceOrientationLandscapeRight";
				INFOPLIST_KEY_UISupportedInterfaceOrientations_iPhone = "UIInterfaceOrientationPortrait UIInterfaceOrientationLandscapeLeft UIInterfaceOrientationLandscapeRight";
				LD_RUNPATH_SEARCH_PATHS = (
					"$(inherited)",
					"@executable_path/Frameworks",
				);
				MARKETING_VERSION = 1.0;
				PRODUCT_BUNDLE_IDENTIFIER = "taso.EGH-frontend";
				PRODUCT_NAME = "$(TARGET_NAME)";
				SWIFT_EMIT_LOC_STRINGS = YES;
				SWIFT_VERSION = 5.0;
				TARGETED_DEVICE_FAMILY = "1,2";
			};
			name = Debug;
		};
		5C2E18672E6FC730004565C2 /* Release */ = {
			isa = XCBuildConfiguration;
			buildSettings = {
				ASSETCATALOG_COMPILER_APPICON_NAME = AppIcon;
				ASSETCATALOG_COMPILER_GLOBAL_ACCENT_COLOR_NAME = AccentColor;
				CODE_SIGN_STYLE = Automatic;
				CURRENT_PROJECT_VERSION = 1;
				DEVELOPMENT_ASSET_PATHS = "\"EGH_frontend/Preview Content\"";
				DEVELOPMENT_TEAM = 3L786BDYHK;
				ENABLE_PREVIEWS = YES;
				GENERATE_INFOPLIST_FILE = YES;
				INFOPLIST_KEY_UIApplicationSceneManifest_Generation = YES;
				INFOPLIST_KEY_UIApplicationSupportsIndirectInputEvents = YES;
				INFOPLIST_KEY_UILaunchScreen_Generation = YES;
				INFOPLIST_KEY_UISupportedInterfaceOrientations_iPad = "UIInterfaceOrientationPortrait UIInterfaceOrientationPortraitUpsideDown UIInterfaceOrientationLandscapeLeft UIInterfaceOrientationLandscapeRight";
				INFOPLIST_KEY_UISupportedInterfaceOrientations_iPhone = "UIInterfaceOrientationPortrait UIInterfaceOrientationLandscapeLeft UIInterfaceOrientationLandscapeRight";
				LD_RUNPATH_SEARCH_PATHS = (
					"$(inherited)",
					"@executable_path/Frameworks",
				);
				MARKETING_VERSION = 1.0;
				PRODUCT_BUNDLE_IDENTIFIER = "taso.EGH-frontend";
				PRODUCT_NAME = "$(TARGET_NAME)";
				SWIFT_EMIT_LOC_STRINGS = YES;
				SWIFT_VERSION = 5.0;
				TARGETED_DEVICE_FAMILY = "1,2";
			};
			name = Release;
		};
		5C2E18692E6FC730004565C2 /* Debug */ = {
			isa = XCBuildConfiguration;
			buildSettings = {
				BUNDLE_LOADER = "$(TEST_HOST)";
				CODE_SIGN_STYLE = Automatic;
				CURRENT_PROJECT_VERSION = 1;
				DEVELOPMENT_TEAM = 3L786BDYHK;
				GENERATE_INFOPLIST_FILE = YES;
				IPHONEOS_DEPLOYMENT_TARGET = 18.1;
				MARKETING_VERSION = 1.0;
				PRODUCT_BUNDLE_IDENTIFIER = "taso.EGH-frontendTests";
				PRODUCT_NAME = "$(TARGET_NAME)";
				SWIFT_EMIT_LOC_STRINGS = NO;
				SWIFT_VERSION = 5.0;
				TARGETED_DEVICE_FAMILY = "1,2";
				TEST_HOST = "$(BUILT_PRODUCTS_DIR)/EGH_frontend.app/$(BUNDLE_EXECUTABLE_FOLDER_PATH)/EGH_frontend";
			};
			name = Debug;
		};
		5C2E186A2E6FC730004565C2 /* Release */ = {
			isa = XCBuildConfiguration;
			buildSettings = {
				BUNDLE_LOADER = "$(TEST_HOST)";
				CODE_SIGN_STYLE = Automatic;
				CURRENT_PROJECT_VERSION = 1;
				DEVELOPMENT_TEAM = 3L786BDYHK;
				GENERATE_INFOPLIST_FILE = YES;
				IPHONEOS_DEPLOYMENT_TARGET = 18.1;
				MARKETING_VERSION = 1.0;
				PRODUCT_BUNDLE_IDENTIFIER = "taso.EGH-frontendTests";
				PRODUCT_NAME = "$(TARGET_NAME)";
				SWIFT_EMIT_LOC_STRINGS = NO;
				SWIFT_VERSION = 5.0;
				TARGETED_DEVICE_FAMILY = "1,2";
				TEST_HOST = "$(BUILT_PRODUCTS_DIR)/EGH_frontend.app/$(BUNDLE_EXECUTABLE_FOLDER_PATH)/EGH_frontend";
			};
			name = Release;
		};
		5C2E186C2E6FC730004565C2 /* Debug */ = {
			isa = XCBuildConfiguration;
			buildSettings = {
				CODE_SIGN_STYLE = Automatic;
				CURRENT_PROJECT_VERSION = 1;
				DEVELOPMENT_TEAM = 3L786BDYHK;
				GENERATE_INFOPLIST_FILE = YES;
				MARKETING_VERSION = 1.0;
				PRODUCT_BUNDLE_IDENTIFIER = "taso.EGH-frontendUITests";
				PRODUCT_NAME = "$(TARGET_NAME)";
				SWIFT_EMIT_LOC_STRINGS = NO;
				SWIFT_VERSION = 5.0;
				TARGETED_DEVICE_FAMILY = "1,2";
				TEST_TARGET_NAME = EGH_frontend;
			};
			name = Debug;
		};
		5C2E186D2E6FC730004565C2 /* Release */ = {
			isa = XCBuildConfiguration;
			buildSettings = {
				CODE_SIGN_STYLE = Automatic;
				CURRENT_PROJECT_VERSION = 1;
				DEVELOPMENT_TEAM = 3L786BDYHK;
				GENERATE_INFOPLIST_FILE = YES;
				MARKETING_VERSION = 1.0;
				PRODUCT_BUNDLE_IDENTIFIER = "taso.EGH-frontendUITests";
				PRODUCT_NAME = "$(TARGET_NAME)";
				SWIFT_EMIT_LOC_STRINGS = NO;
				SWIFT_VERSION = 5.0;
				TARGETED_DEVICE_FAMILY = "1,2";
				TEST_TARGET_NAME = EGH_frontend;
			};
			name = Release;
		};
/* End XCBuildConfiguration section */

/* Begin XCConfigurationList section */
		5C2E183C2E6FC72F004565C2 /* Build configuration list for PBXProject "EGH_frontend" */ = {
			isa = XCConfigurationList;
			buildConfigurations = (
				5C2E18632E6FC730004565C2 /* Debug */,
				5C2E18642E6FC730004565C2 /* Release */,
			);
			defaultConfigurationIsVisible = 0;
			defaultConfigurationName = Release;
		};
		5C2E18652E6FC730004565C2 /* Build configuration list for PBXNativeTarget "EGH_frontend" */ = {
			isa = XCConfigurationList;
			buildConfigurations = (
				5C2E18662E6FC730004565C2 /* Debug */,
				5C2E18672E6FC730004565C2 /* Release */,
			);
			defaultConfigurationIsVisible = 0;
			defaultConfigurationName = Release;
		};
		5C2E18682E6FC730004565C2 /* Build configuration list for PBXNativeTarget "EGH_frontendTests" */ = {
			isa = XCConfigurationList;
			buildConfigurations = (
				5C2E18692E6FC730004565C2 /* Debug */,
				5C2E186A2E6FC730004565C2 /* Release */,
			);
			defaultConfigurationIsVisible = 0;
			defaultConfigurationName = Release;
		};
		5C2E186B2E6FC730004565C2 /* Build configuration list for PBXNativeTarget "EGH_frontendUITests" */ = {
			isa = XCConfigurationList;
			buildConfigurations = (
				5C2E186C2E6FC730004565C2 /* Debug */,
				5C2E186D2E6FC730004565C2 /* Release */,
			);
			defaultConfigurationIsVisible = 0;
			defaultConfigurationName = Release;
		};
/* End XCConfigurationList section */
	};
	rootObject = 5C2E18392E6FC72F004565C2 /* Project object */;
}
